// !$*UTF8*$!
{
	archiveVersion = 1;
	classes = {
	};
	objectVersion = 56;
	objects = {

/* Begin PBXBuildFile section */
		D8F8CA472A72EDCE00FC159A /* AppDelegate.swift in Sources */ = {isa = PBXBuildFile; fileRef = D8F8CA462A72EDCE00FC159A /* AppDelegate.swift */; };
		D8F8CA492A72EDCE00FC159A /* SceneDelegate.swift in Sources */ = {isa = PBXBuildFile; fileRef = D8F8CA482A72EDCE00FC159A /* SceneDelegate.swift */; };
		D8F8CA4B2A72EDCE00FC159A /* ViewController.swift in Sources */ = {isa = PBXBuildFile; fileRef = D8F8CA4A2A72EDCE00FC159A /* ViewController.swift */; };
		D8F8CA4E2A72EDCE00FC159A /* Main.storyboard in Resources */ = {isa = PBXBuildFile; fileRef = D8F8CA4C2A72EDCE00FC159A /* Main.storyboard */; };
		D8F8CA502A72EDCF00FC159A /* Assets.xcassets in Resources */ = {isa = PBXBuildFile; fileRef = D8F8CA4F2A72EDCF00FC159A /* Assets.xcassets */; };
		D8F8CA532A72EDD000FC159A /* LaunchScreen.storyboard in Resources */ = {isa = PBXBuildFile; fileRef = D8F8CA512A72EDCF00FC159A /* LaunchScreen.storyboard */; };
		D8F8CA5E2A72EDD000FC159A /* IstanbulTests.swift in Sources */ = {isa = PBXBuildFile; fileRef = D8F8CA5D2A72EDD000FC159A /* IstanbulTests.swift */; };
		D8F8CA682A72EDD000FC159A /* IstanbulUITests.swift in Sources */ = {isa = PBXBuildFile; fileRef = D8F8CA672A72EDD000FC159A /* IstanbulUITests.swift */; };
		D8F8CA6A2A72EDD000FC159A /* IstanbulUITestsLaunchTests.swift in Sources */ = {isa = PBXBuildFile; fileRef = D8F8CA692A72EDD000FC159A /* IstanbulUITestsLaunchTests.swift */; };
/* End PBXBuildFile section */

/* Begin PBXContainerItemProxy section */
		D8F8CA5A2A72EDD000FC159A /* PBXContainerItemProxy */ = {
			isa = PBXContainerItemProxy;
			containerPortal = D8F8CA3B2A72EDCE00FC159A /* Project object */;
			proxyType = 1;
			remoteGlobalIDString = D8F8CA422A72EDCE00FC159A;
			remoteInfo = Istanbul;
		};
		D8F8CA642A72EDD000FC159A /* PBXContainerItemProxy */ = {
			isa = PBXContainerItemProxy;
			containerPortal = D8F8CA3B2A72EDCE00FC159A /* Project object */;
			proxyType = 1;
			remoteGlobalIDString = D8F8CA422A72EDCE00FC159A;
			remoteInfo = Istanbul;
		};
/* End PBXContainerItemProxy section */

/* Begin PBXFileReference section */
		D8F8CA432A72EDCE00FC159A /* Istanbul.app */ = {isa = PBXFileReference; explicitFileType = wrapper.application; includeInIndex = 0; path = Istanbul.app; sourceTree = BUILT_PRODUCTS_DIR; };
		D8F8CA462A72EDCE00FC159A /* AppDelegate.swift */ = {isa = PBXFileReference; lastKnownFileType = sourcecode.swift; path = AppDelegate.swift; sourceTree = "<group>"; };
		D8F8CA482A72EDCE00FC159A /* SceneDelegate.swift */ = {isa = PBXFileReference; lastKnownFileType = sourcecode.swift; path = SceneDelegate.swift; sourceTree = "<group>"; };
		D8F8CA4A2A72EDCE00FC159A /* ViewController.swift */ = {isa = PBXFileReference; lastKnownFileType = sourcecode.swift; path = ViewController.swift; sourceTree = "<group>"; };
		D8F8CA4D2A72EDCE00FC159A /* Base */ = {isa = PBXFileReference; lastKnownFileType = file.storyboard; name = Base; path = Base.lproj/Main.storyboard; sourceTree = "<group>"; };
		D8F8CA4F2A72EDCF00FC159A /* Assets.xcassets */ = {isa = PBXFileReference; lastKnownFileType = folder.assetcatalog; path = Assets.xcassets; sourceTree = "<group>"; };
		D8F8CA522A72EDCF00FC159A /* Base */ = {isa = PBXFileReference; lastKnownFileType = file.storyboard; name = Base; path = Base.lproj/LaunchScreen.storyboard; sourceTree = "<group>"; };
		D8F8CA542A72EDD000FC159A /* Info.plist */ = {isa = PBXFileReference; lastKnownFileType = text.plist.xml; path = Info.plist; sourceTree = "<group>"; };
		D8F8CA592A72EDD000FC159A /* IstanbulTests.xctest */ = {isa = PBXFileReference; explicitFileType = wrapper.cfbundle; includeInIndex = 0; path = IstanbulTests.xctest; sourceTree = BUILT_PRODUCTS_DIR; };
		D8F8CA5D2A72EDD000FC159A /* IstanbulTests.swift */ = {isa = PBXFileReference; lastKnownFileType = sourcecode.swift; path = IstanbulTests.swift; sourceTree = "<group>"; };
		D8F8CA632A72EDD000FC159A /* IstanbulUITests.xctest */ = {isa = PBXFileReference; explicitFileType = wrapper.cfbundle; includeInIndex = 0; path = IstanbulUITests.xctest; sourceTree = BUILT_PRODUCTS_DIR; };
		D8F8CA672A72EDD000FC159A /* IstanbulUITests.swift */ = {isa = PBXFileReference; lastKnownFileType = sourcecode.swift; path = IstanbulUITests.swift; sourceTree = "<group>"; };
		D8F8CA692A72EDD000FC159A /* IstanbulUITestsLaunchTests.swift */ = {isa = PBXFileReference; lastKnownFileType = sourcecode.swift; path = IstanbulUITestsLaunchTests.swift; sourceTree = "<group>"; };
/* End PBXFileReference section */

/* Begin PBXFrameworksBuildPhase section */
		D8F8CA402A72EDCE00FC159A /* Frameworks */ = {
			isa = PBXFrameworksBuildPhase;
			buildActionMask = 2147483647;
			files = (
			);
			runOnlyForDeploymentPostprocessing = 0;
		};
		D8F8CA562A72EDD000FC159A /* Frameworks */ = {
			isa = PBXFrameworksBuildPhase;
			buildActionMask = 2147483647;
			files = (
			);
			runOnlyForDeploymentPostprocessing = 0;
		};
		D8F8CA602A72EDD000FC159A /* Frameworks */ = {
			isa = PBXFrameworksBuildPhase;
			buildActionMask = 2147483647;
			files = (
			);
			runOnlyForDeploymentPostprocessing = 0;
		};
/* End PBXFrameworksBuildPhase section */

/* Begin PBXGroup section */
		D8F8CA3A2A72EDCE00FC159A = {
			isa = PBXGroup;
			children = (
				D8F8CA452A72EDCE00FC159A /* Istanbul */,
				D8F8CA5C2A72EDD000FC159A /* IstanbulTests */,
				D8F8CA662A72EDD000FC159A /* IstanbulUITests */,
				D8F8CA442A72EDCE00FC159A /* Products */,
			);
			sourceTree = "<group>";
		};
		D8F8CA442A72EDCE00FC159A /* Products */ = {
			isa = PBXGroup;
			children = (
				D8F8CA432A72EDCE00FC159A /* Istanbul.app */,
				D8F8CA592A72EDD000FC159A /* IstanbulTests.xctest */,
				D8F8CA632A72EDD000FC159A /* IstanbulUITests.xctest */,
			);
			name = Products;
			sourceTree = "<group>";
		};
		D8F8CA452A72EDCE00FC159A /* Istanbul */ = {
			isa = PBXGroup;
			children = (
				D8F8CA462A72EDCE00FC159A /* AppDelegate.swift */,
				D8F8CA482A72EDCE00FC159A /* SceneDelegate.swift */,
				D8F8CA4A2A72EDCE00FC159A /* ViewController.swift */,
				D8F8CA4C2A72EDCE00FC159A /* Main.storyboard */,
				D8F8CA4F2A72EDCF00FC159A /* Assets.xcassets */,
				D8F8CA512A72EDCF00FC159A /* LaunchScreen.storyboard */,
				D8F8CA542A72EDD000FC159A /* Info.plist */,
			);
			path = Istanbul;
			sourceTree = "<group>";
		};
		D8F8CA5C2A72EDD000FC159A /* IstanbulTests */ = {
			isa = PBXGroup;
			children = (
				D8F8CA5D2A72EDD000FC159A /* IstanbulTests.swift */,
			);
			path = IstanbulTests;
			sourceTree = "<group>";
		};
		D8F8CA662A72EDD000FC159A /* IstanbulUITests */ = {
			isa = PBXGroup;
			children = (
				D8F8CA672A72EDD000FC159A /* IstanbulUITests.swift */,
				D8F8CA692A72EDD000FC159A /* IstanbulUITestsLaunchTests.swift */,
			);
			path = IstanbulUITests;
			sourceTree = "<group>";
		};
/* End PBXGroup section */

/* Begin PBXNativeTarget section */
		D8F8CA422A72EDCE00FC159A /* Istanbul */ = {
			isa = PBXNativeTarget;
			buildConfigurationList = D8F8CA6D2A72EDD000FC159A /* Build configuration list for PBXNativeTarget "Istanbul" */;
			buildPhases = (
				D8F8CA3F2A72EDCE00FC159A /* Sources */,
				D8F8CA402A72EDCE00FC159A /* Frameworks */,
				D8F8CA412A72EDCE00FC159A /* Resources */,
			);
			buildRules = (
			);
			dependencies = (
			);
			name = Istanbul;
			productName = Istanbul;
			productReference = D8F8CA432A72EDCE00FC159A /* Istanbul.app */;
			productType = "com.apple.product-type.application";
		};
		D8F8CA582A72EDD000FC159A /* IstanbulTests */ = {
			isa = PBXNativeTarget;
			buildConfigurationList = D8F8CA702A72EDD000FC159A /* Build configuration list for PBXNativeTarget "IstanbulTests" */;
			buildPhases = (
				D8F8CA552A72EDD000FC159A /* Sources */,
				D8F8CA562A72EDD000FC159A /* Frameworks */,
				D8F8CA572A72EDD000FC159A /* Resources */,
			);
			buildRules = (
			);
			dependencies = (
				D8F8CA5B2A72EDD000FC159A /* PBXTargetDependency */,
			);
			name = IstanbulTests;
			productName = IstanbulTests;
			productReference = D8F8CA592A72EDD000FC159A /* IstanbulTests.xctest */;
			productType = "com.apple.product-type.bundle.unit-test";
		};
		D8F8CA622A72EDD000FC159A /* IstanbulUITests */ = {
			isa = PBXNativeTarget;
			buildConfigurationList = D8F8CA732A72EDD000FC159A /* Build configuration list for PBXNativeTarget "IstanbulUITests" */;
			buildPhases = (
				D8F8CA5F2A72EDD000FC159A /* Sources */,
				D8F8CA602A72EDD000FC159A /* Frameworks */,
				D8F8CA612A72EDD000FC159A /* Resources */,
			);
			buildRules = (
			);
			dependencies = (
				D8F8CA652A72EDD000FC159A /* PBXTargetDependency */,
			);
			name = IstanbulUITests;
			productName = IstanbulUITests;
			productReference = D8F8CA632A72EDD000FC159A /* IstanbulUITests.xctest */;
			productType = "com.apple.product-type.bundle.ui-testing";
		};
/* End PBXNativeTarget section */

/* Begin PBXProject section */
		D8F8CA3B2A72EDCE00FC159A /* Project object */ = {
			isa = PBXProject;
			attributes = {
				BuildIndependentTargetsInParallel = 1;
				LastSwiftUpdateCheck = 1430;
				LastUpgradeCheck = 1430;
				TargetAttributes = {
					D8F8CA422A72EDCE00FC159A = {
						CreatedOnToolsVersion = 14.3.1;
					};
					D8F8CA582A72EDD000FC159A = {
						CreatedOnToolsVersion = 14.3.1;
						TestTargetID = D8F8CA422A72EDCE00FC159A;
					};
					D8F8CA622A72EDD000FC159A = {
						CreatedOnToolsVersion = 14.3.1;
						TestTargetID = D8F8CA422A72EDCE00FC159A;
					};
				};
			};
			buildConfigurationList = D8F8CA3E2A72EDCE00FC159A /* Build configuration list for PBXProject "Istanbul" */;
			compatibilityVersion = "Xcode 14.0";
			developmentRegion = en;
			hasScannedForEncodings = 0;
			knownRegions = (
				en,
				Base,
			);
			mainGroup = D8F8CA3A2A72EDCE00FC159A;
			productRefGroup = D8F8CA442A72EDCE00FC159A /* Products */;
			projectDirPath = "";
			projectRoot = "";
			targets = (
				D8F8CA422A72EDCE00FC159A /* Istanbul */,
				D8F8CA582A72EDD000FC159A /* IstanbulTests */,
				D8F8CA622A72EDD000FC159A /* IstanbulUITests */,
			);
		};
/* End PBXProject section */

/* Begin PBXResourcesBuildPhase section */
		D8F8CA412A72EDCE00FC159A /* Resources */ = {
			isa = PBXResourcesBuildPhase;
			buildActionMask = 2147483647;
			files = (
				D8F8CA532A72EDD000FC159A /* LaunchScreen.storyboard in Resources */,
				D8F8CA502A72EDCF00FC159A /* Assets.xcassets in Resources */,
				D8F8CA4E2A72EDCE00FC159A /* Main.storyboard in Resources */,
			);
			runOnlyForDeploymentPostprocessing = 0;
		};
		D8F8CA572A72EDD000FC159A /* Resources */ = {
			isa = PBXResourcesBuildPhase;
			buildActionMask = 2147483647;
			files = (
			);
			runOnlyForDeploymentPostprocessing = 0;
		};
		D8F8CA612A72EDD000FC159A /* Resources */ = {
			isa = PBXResourcesBuildPhase;
			buildActionMask = 2147483647;
			files = (
			);
			runOnlyForDeploymentPostprocessing = 0;
		};
/* End PBXResourcesBuildPhase section */

/* Begin PBXSourcesBuildPhase section */
		D8F8CA3F2A72EDCE00FC159A /* Sources */ = {
			isa = PBXSourcesBuildPhase;
			buildActionMask = 2147483647;
			files = (
				D8F8CA4B2A72EDCE00FC159A /* ViewController.swift in Sources */,
				D8F8CA472A72EDCE00FC159A /* AppDelegate.swift in Sources */,
				D8F8CA492A72EDCE00FC159A /* SceneDelegate.swift in Sources */,
			);
			runOnlyForDeploymentPostprocessing = 0;
		};
		D8F8CA552A72EDD000FC159A /* Sources */ = {
			isa = PBXSourcesBuildPhase;
			buildActionMask = 2147483647;
			files = (
				D8F8CA5E2A72EDD000FC159A /* IstanbulTests.swift in Sources */,
			);
			runOnlyForDeploymentPostprocessing = 0;
		};
		D8F8CA5F2A72EDD000FC159A /* Sources */ = {
			isa = PBXSourcesBuildPhase;
			buildActionMask = 2147483647;
			files = (
				D8F8CA6A2A72EDD000FC159A /* IstanbulUITestsLaunchTests.swift in Sources */,
				D8F8CA682A72EDD000FC159A /* IstanbulUITests.swift in Sources */,
			);
			runOnlyForDeploymentPostprocessing = 0;
		};
/* End PBXSourcesBuildPhase section */

/* Begin PBXTargetDependency section */
		D8F8CA5B2A72EDD000FC159A /* PBXTargetDependency */ = {
			isa = PBXTargetDependency;
			target = D8F8CA422A72EDCE00FC159A /* Istanbul */;
			targetProxy = D8F8CA5A2A72EDD000FC159A /* PBXContainerItemProxy */;
		};
		D8F8CA652A72EDD000FC159A /* PBXTargetDependency */ = {
			isa = PBXTargetDependency;
			target = D8F8CA422A72EDCE00FC159A /* Istanbul */;
			targetProxy = D8F8CA642A72EDD000FC159A /* PBXContainerItemProxy */;
		};
/* End PBXTargetDependency section */

/* Begin PBXVariantGroup section */
		D8F8CA4C2A72EDCE00FC159A /* Main.storyboard */ = {
			isa = PBXVariantGroup;
			children = (
				D8F8CA4D2A72EDCE00FC159A /* Base */,
			);
			name = Main.storyboard;
			sourceTree = "<group>";
		};
		D8F8CA512A72EDCF00FC159A /* LaunchScreen.storyboard */ = {
			isa = PBXVariantGroup;
			children = (
				D8F8CA522A72EDCF00FC159A /* Base */,
			);
			name = LaunchScreen.storyboard;
			sourceTree = "<group>";
		};
/* End PBXVariantGroup section */

/* Begin XCBuildConfiguration section */
		D8F8CA6B2A72EDD000FC159A /* Debug */ = {
			isa = XCBuildConfiguration;
			buildSettings = {
				ALWAYS_SEARCH_USER_PATHS = NO;
				CLANG_ANALYZER_NONNULL = YES;
				CLANG_ANALYZER_NUMBER_OBJECT_CONVERSION = YES_AGGRESSIVE;
				CLANG_CXX_LANGUAGE_STANDARD = "gnu++20";
				CLANG_ENABLE_MODULES = YES;
				CLANG_ENABLE_OBJC_ARC = YES;
				CLANG_ENABLE_OBJC_WEAK = YES;
				CLANG_WARN_BLOCK_CAPTURE_AUTORELEASING = YES;
				CLANG_WARN_BOOL_CONVERSION = YES;
				CLANG_WARN_COMMA = YES;
				CLANG_WARN_CONSTANT_CONVERSION = YES;
				CLANG_WARN_DEPRECATED_OBJC_IMPLEMENTATIONS = YES;
				CLANG_WARN_DIRECT_OBJC_ISA_USAGE = YES_ERROR;
				CLANG_WARN_DOCUMENTATION_COMMENTS = YES;
				CLANG_WARN_EMPTY_BODY = YES;
				CLANG_WARN_ENUM_CONVERSION = YES;
				CLANG_WARN_INFINITE_RECURSION = YES;
				CLANG_WARN_INT_CONVERSION = YES;
				CLANG_WARN_NON_LITERAL_NULL_CONVERSION = YES;
				CLANG_WARN_OBJC_IMPLICIT_RETAIN_SELF = YES;
				CLANG_WARN_OBJC_LITERAL_CONVERSION = YES;
				CLANG_WARN_OBJC_ROOT_CLASS = YES_ERROR;
				CLANG_WARN_QUOTED_INCLUDE_IN_FRAMEWORK_HEADER = YES;
				CLANG_WARN_RANGE_LOOP_ANALYSIS = YES;
				CLANG_WARN_STRICT_PROTOTYPES = YES;
				CLANG_WARN_SUSPICIOUS_MOVE = YES;
				CLANG_WARN_UNGUARDED_AVAILABILITY = YES_AGGRESSIVE;
				CLANG_WARN_UNREACHABLE_CODE = YES;
				CLANG_WARN__DUPLICATE_METHOD_MATCH = YES;
				COPY_PHASE_STRIP = NO;
				DEBUG_INFORMATION_FORMAT = dwarf;
				ENABLE_STRICT_OBJC_MSGSEND = YES;
				ENABLE_TESTABILITY = YES;
				GCC_C_LANGUAGE_STANDARD = gnu11;
				GCC_DYNAMIC_NO_PIC = NO;
				GCC_NO_COMMON_BLOCKS = YES;
				GCC_OPTIMIZATION_LEVEL = 0;
				GCC_PREPROCESSOR_DEFINITIONS = (
					"DEBUG=1",
					"$(inherited)",
				);
				GCC_WARN_64_TO_32_BIT_CONVERSION = YES;
				GCC_WARN_ABOUT_RETURN_TYPE = YES_ERROR;
				GCC_WARN_UNDECLARED_SELECTOR = YES;
				GCC_WARN_UNINITIALIZED_AUTOS = YES_AGGRESSIVE;
				GCC_WARN_UNUSED_FUNCTION = YES;
				GCC_WARN_UNUSED_VARIABLE = YES;
				IPHONEOS_DEPLOYMENT_TARGET = 16.4;
				MTL_ENABLE_DEBUG_INFO = INCLUDE_SOURCE;
				MTL_FAST_MATH = YES;
				ONLY_ACTIVE_ARCH = YES;
				SDKROOT = iphoneos;
				SWIFT_ACTIVE_COMPILATION_CONDITIONS = DEBUG;
				SWIFT_OPTIMIZATION_LEVEL = "-Onone";
			};
			name = Debug;
		};
		D8F8CA6C2A72EDD000FC159A /* Release */ = {
			isa = XCBuildConfiguration;
			buildSettings = {
				ALWAYS_SEARCH_USER_PATHS = NO;
				CLANG_ANALYZER_NONNULL = YES;
				CLANG_ANALYZER_NUMBER_OBJECT_CONVERSION = YES_AGGRESSIVE;
				CLANG_CXX_LANGUAGE_STANDARD = "gnu++20";
				CLANG_ENABLE_MODULES = YES;
				CLANG_ENABLE_OBJC_ARC = YES;
				CLANG_ENABLE_OBJC_WEAK = YES;
				CLANG_WARN_BLOCK_CAPTURE_AUTORELEASING = YES;
				CLANG_WARN_BOOL_CONVERSION = YES;
				CLANG_WARN_COMMA = YES;
				CLANG_WARN_CONSTANT_CONVERSION = YES;
				CLANG_WARN_DEPRECATED_OBJC_IMPLEMENTATIONS = YES;
				CLANG_WARN_DIRECT_OBJC_ISA_USAGE = YES_ERROR;
				CLANG_WARN_DOCUMENTATION_COMMENTS = YES;
				CLANG_WARN_EMPTY_BODY = YES;
				CLANG_WARN_ENUM_CONVERSION = YES;
				CLANG_WARN_INFINITE_RECURSION = YES;
				CLANG_WARN_INT_CONVERSION = YES;
				CLANG_WARN_NON_LITERAL_NULL_CONVERSION = YES;
				CLANG_WARN_OBJC_IMPLICIT_RETAIN_SELF = YES;
				CLANG_WARN_OBJC_LITERAL_CONVERSION = YES;
				CLANG_WARN_OBJC_ROOT_CLASS = YES_ERROR;
				CLANG_WARN_QUOTED_INCLUDE_IN_FRAMEWORK_HEADER = YES;
				CLANG_WARN_RANGE_LOOP_ANALYSIS = YES;
				CLANG_WARN_STRICT_PROTOTYPES = YES;
				CLANG_WARN_SUSPICIOUS_MOVE = YES;
				CLANG_WARN_UNGUARDED_AVAILABILITY = YES_AGGRESSIVE;
				CLANG_WARN_UNREACHABLE_CODE = YES;
				CLANG_WARN__DUPLICATE_METHOD_MATCH = YES;
				COPY_PHASE_STRIP = NO;
				DEBUG_INFORMATION_FORMAT = "dwarf-with-dsym";
				ENABLE_NS_ASSERTIONS = NO;
				ENABLE_STRICT_OBJC_MSGSEND = YES;
				GCC_C_LANGUAGE_STANDARD = gnu11;
				GCC_NO_COMMON_BLOCKS = YES;
				GCC_WARN_64_TO_32_BIT_CONVERSION = YES;
				GCC_WARN_ABOUT_RETURN_TYPE = YES_ERROR;
				GCC_WARN_UNDECLARED_SELECTOR = YES;
				GCC_WARN_UNINITIALIZED_AUTOS = YES_AGGRESSIVE;
				GCC_WARN_UNUSED_FUNCTION = YES;
				GCC_WARN_UNUSED_VARIABLE = YES;
				IPHONEOS_DEPLOYMENT_TARGET = 16.4;
				MTL_ENABLE_DEBUG_INFO = NO;
				MTL_FAST_MATH = YES;
				SDKROOT = iphoneos;
				SWIFT_COMPILATION_MODE = wholemodule;
				SWIFT_OPTIMIZATION_LEVEL = "-O";
				VALIDATE_PRODUCT = YES;
			};
			name = Release;
		};
		D8F8CA6E2A72EDD000FC159A /* Debug */ = {
			isa = XCBuildConfiguration;
			buildSettings = {
				ASSETCATALOG_COMPILER_APPICON_NAME = AppIcon;
				ASSETCATALOG_COMPILER_GLOBAL_ACCENT_COLOR_NAME = AccentColor;
				CODE_SIGN_STYLE = Automatic;
				CURRENT_PROJECT_VERSION = 1;
				DEVELOPMENT_TEAM = RNFA9578Y8;
				GENERATE_INFOPLIST_FILE = YES;
				INFOPLIST_FILE = Istanbul/Info.plist;
				INFOPLIST_KEY_UIApplicationSupportsIndirectInputEvents = YES;
				INFOPLIST_KEY_UILaunchStoryboardName = LaunchScreen;
				INFOPLIST_KEY_UIMainStoryboardFile = Main;
				INFOPLIST_KEY_UISupportedInterfaceOrientations_iPad = "UIInterfaceOrientationPortrait UIInterfaceOrientationPortraitUpsideDown UIInterfaceOrientationLandscapeLeft UIInterfaceOrientationLandscapeRight";
				INFOPLIST_KEY_UISupportedInterfaceOrientations_iPhone = "UIInterfaceOrientationPortrait UIInterfaceOrientationLandscapeLeft UIInterfaceOrientationLandscapeRight";
				LD_RUNPATH_SEARCH_PATHS = (
					"$(inherited)",
					"@executable_path/Frameworks",
				);
				MARKETING_VERSION = 1.0;
				PRODUCT_BUNDLE_IDENTIFIER = com.nsenasabirli.Istanbul;
				PRODUCT_NAME = "$(TARGET_NAME)";
				SWIFT_EMIT_LOC_STRINGS = YES;
				SWIFT_VERSION = 5.0;
				TARGETED_DEVICE_FAMILY = "1,2";
			};
			name = Debug;
		};
		D8F8CA6F2A72EDD000FC159A /* Release */ = {
			isa = XCBuildConfiguration;
			buildSettings = {
				ASSETCATALOG_COMPILER_APPICON_NAME = AppIcon;
				ASSETCATALOG_COMPILER_GLOBAL_ACCENT_COLOR_NAME = AccentColor;
				CODE_SIGN_STYLE = Automatic;
				CURRENT_PROJECT_VERSION = 1;
				DEVELOPMENT_TEAM = RNFA9578Y8;
				GENERATE_INFOPLIST_FILE = YES;
				INFOPLIST_FILE = Istanbul/Info.plist;
				INFOPLIST_KEY_UIApplicationSupportsIndirectInputEvents = YES;
				INFOPLIST_KEY_UILaunchStoryboardName = LaunchScreen;
				INFOPLIST_KEY_UIMainStoryboardFile = Main;
				INFOPLIST_KEY_UISupportedInterfaceOrientations_iPad = "UIInterfaceOrientationPortrait UIInterfaceOrientationPortraitUpsideDown UIInterfaceOrientationLandscapeLeft UIInterfaceOrientationLandscapeRight";
				INFOPLIST_KEY_UISupportedInterfaceOrientations_iPhone = "UIInterfaceOrientationPortrait UIInterfaceOrientationLandscapeLeft UIInterfaceOrientationLandscapeRight";
				LD_RUNPATH_SEARCH_PATHS = (
					"$(inherited)",
					"@executable_path/Frameworks",
				);
				MARKETING_VERSION = 1.0;
				PRODUCT_BUNDLE_IDENTIFIER = com.nsenasabirli.Istanbul;
				PRODUCT_NAME = "$(TARGET_NAME)";
				SWIFT_EMIT_LOC_STRINGS = YES;
				SWIFT_VERSION = 5.0;
				TARGETED_DEVICE_FAMILY = "1,2";
			};
			name = Release;
		};
		D8F8CA712A72EDD000FC159A /* Debug */ = {
			isa = XCBuildConfiguration;
			buildSettings = {
				ALWAYS_EMBED_SWIFT_STANDARD_LIBRARIES = YES;
				BUNDLE_LOADER = "$(TEST_HOST)";
				CODE_SIGN_STYLE = Automatic;
				CURRENT_PROJECT_VERSION = 1;
				DEVELOPMENT_TEAM = RNFA9578Y8;
				GENERATE_INFOPLIST_FILE = YES;
				IPHONEOS_DEPLOYMENT_TARGET = 16.4;
				MARKETING_VERSION = 1.0;
				PRODUCT_BUNDLE_IDENTIFIER = com.nsenasabirli.IstanbulTests;
				PRODUCT_NAME = "$(TARGET_NAME)";
				SWIFT_EMIT_LOC_STRINGS = NO;
				SWIFT_VERSION = 5.0;
				TARGETED_DEVICE_FAMILY = "1,2";
				TEST_HOST = "$(BUILT_PRODUCTS_DIR)/Istanbul.app/$(BUNDLE_EXECUTABLE_FOLDER_PATH)/Istanbul";
			};
			name = Debug;
		};
		D8F8CA722A72EDD000FC159A /* Release */ = {
			isa = XCBuildConfiguration;
			buildSettings = {
				ALWAYS_EMBED_SWIFT_STANDARD_LIBRARIES = YES;
				BUNDLE_LOADER = "$(TEST_HOST)";
				CODE_SIGN_STYLE = Automatic;
				CURRENT_PROJECT_VERSION = 1;
				DEVELOPMENT_TEAM = RNFA9578Y8;
				GENERATE_INFOPLIST_FILE = YES;
				IPHONEOS_DEPLOYMENT_TARGET = 16.4;
				MARKETING_VERSION = 1.0;
				PRODUCT_BUNDLE_IDENTIFIER = com.nsenasabirli.IstanbulTests;
				PRODUCT_NAME = "$(TARGET_NAME)";
				SWIFT_EMIT_LOC_STRINGS = NO;
				SWIFT_VERSION = 5.0;
				TARGETED_DEVICE_FAMILY = "1,2";
				TEST_HOST = "$(BUILT_PRODUCTS_DIR)/Istanbul.app/$(BUNDLE_EXECUTABLE_FOLDER_PATH)/Istanbul";
			};
			name = Release;
		};
		D8F8CA742A72EDD000FC159A /* Debug */ = {
			isa = XCBuildConfiguration;
			buildSettings = {
				ALWAYS_EMBED_SWIFT_STANDARD_LIBRARIES = YES;
				CODE_SIGN_STYLE = Automatic;
				CURRENT_PROJECT_VERSION = 1;
				DEVELOPMENT_TEAM = RNFA9578Y8;
				GENERATE_INFOPLIST_FILE = YES;
				MARKETING_VERSION = 1.0;
				PRODUCT_BUNDLE_IDENTIFIER = com.nsenasabirli.IstanbulUITests;
				PRODUCT_NAME = "$(TARGET_NAME)";
				SWIFT_EMIT_LOC_STRINGS = NO;
				SWIFT_VERSION = 5.0;
				TARGETED_DEVICE_FAMILY = "1,2";
				TEST_TARGET_NAME = Istanbul;
			};
			name = Debug;
		};
		D8F8CA752A72EDD000FC159A /* Release */ = {
			isa = XCBuildConfiguration;
			buildSettings = {
				ALWAYS_EMBED_SWIFT_STANDARD_LIBRARIES = YES;
				CODE_SIGN_STYLE = Automatic;
				CURRENT_PROJECT_VERSION = 1;
				DEVELOPMENT_TEAM = RNFA9578Y8;
				GENERATE_INFOPLIST_FILE = YES;
				MARKETING_VERSION = 1.0;
				PRODUCT_BUNDLE_IDENTIFIER = com.nsenasabirli.IstanbulUITests;
				PRODUCT_NAME = "$(TARGET_NAME)";
				SWIFT_EMIT_LOC_STRINGS = NO;
				SWIFT_VERSION = 5.0;
				TARGETED_DEVICE_FAMILY = "1,2";
				TEST_TARGET_NAME = Istanbul;
			};
			name = Release;
		};
/* End XCBuildConfiguration section */

/* Begin XCConfigurationList section */
		D8F8CA3E2A72EDCE00FC159A /* Build configuration list for PBXProject "Istanbul" */ = {
			isa = XCConfigurationList;
			buildConfigurations = (
				D8F8CA6B2A72EDD000FC159A /* Debug */,
				D8F8CA6C2A72EDD000FC159A /* Release */,
			);
			defaultConfigurationIsVisible = 0;
			defaultConfigurationName = Release;
		};
		D8F8CA6D2A72EDD000FC159A /* Build configuration list for PBXNativeTarget "Istanbul" */ = {
			isa = XCConfigurationList;
			buildConfigurations = (
				D8F8CA6E2A72EDD000FC159A /* Debug */,
				D8F8CA6F2A72EDD000FC159A /* Release */,
			);
			defaultConfigurationIsVisible = 0;
			defaultConfigurationName = Release;
		};
		D8F8CA702A72EDD000FC159A /* Build configuration list for PBXNativeTarget "IstanbulTests" */ = {
			isa = XCConfigurationList;
			buildConfigurations = (
				D8F8CA712A72EDD000FC159A /* Debug */,
				D8F8CA722A72EDD000FC159A /* Release */,
			);
			defaultConfigurationIsVisible = 0;
			defaultConfigurationName = Release;
		};
		D8F8CA732A72EDD000FC159A /* Build configuration list for PBXNativeTarget "IstanbulUITests" */ = {
			isa = XCConfigurationList;
			buildConfigurations = (
				D8F8CA742A72EDD000FC159A /* Debug */,
				D8F8CA752A72EDD000FC159A /* Release */,
			);
			defaultConfigurationIsVisible = 0;
			defaultConfigurationName = Release;
		};
/* End XCConfigurationList section */
	};
	rootObject = D8F8CA3B2A72EDCE00FC159A /* Project object */;
}
